// !$*UTF8*$!
{
	archiveVersion = 1;
	classes = {
	};
	objectVersion = 50;
	objects = {

/* Begin PBXBuildFile section */
		3D3C22F422282C62008FA989 /* AppDelegate.swift in Sources */ = {isa = PBXBuildFile; fileRef = 3D3C22F322282C62008FA989 /* AppDelegate.swift */; };
		3D3C22F922282C62008FA989 /* Main.storyboard in Resources */ = {isa = PBXBuildFile; fileRef = 3D3C22F722282C62008FA989 /* Main.storyboard */; };
		3D3C22FB22282C63008FA989 /* Assets.xcassets in Resources */ = {isa = PBXBuildFile; fileRef = 3D3C22FA22282C63008FA989 /* Assets.xcassets */; };
		3D3C22FE22282C63008FA989 /* LaunchScreen.storyboard in Resources */ = {isa = PBXBuildFile; fileRef = 3D3C22FC22282C63008FA989 /* LaunchScreen.storyboard */; };
		3D3C230622282F35008FA989 /* RestaurantTableViewController.swift in Sources */ = {isa = PBXBuildFile; fileRef = 3D3C230522282F35008FA989 /* RestaurantTableViewController.swift */; };
		3D3C2308222943C2008FA989 /* RestaurantTableViewCell.swift in Sources */ = {isa = PBXBuildFile; fileRef = 3D3C2307222943C2008FA989 /* RestaurantTableViewCell.swift */; };
		3D7C67FD222AA77E002C05C7 /* RestaurantDetailViewController.swift in Sources */ = {isa = PBXBuildFile; fileRef = 3D7C67FC222AA77E002C05C7 /* RestaurantDetailViewController.swift */; };
		3D7C67FF222AC13D002C05C7 /* Restaurant.swift in Sources */ = {isa = PBXBuildFile; fileRef = 3D7C67FE222AC13D002C05C7 /* Restaurant.swift */; };
		3D7C6801222AD3CC002C05C7 /* RestaurantDetailTableViewCell.swift in Sources */ = {isa = PBXBuildFile; fileRef = 3D7C6800222AD3CC002C05C7 /* RestaurantDetailTableViewCell.swift */; };
		3DD9C3B8222C091700055619 /* ReviewViewController.swift in Sources */ = {isa = PBXBuildFile; fileRef = 3DD9C3B7222C091700055619 /* ReviewViewController.swift */; };
		3DD9C3BB222D587E00055619 /* MapKit.framework in Frameworks */ = {isa = PBXBuildFile; fileRef = 3DD9C3BA222D587E00055619 /* MapKit.framework */; };
		3DD9C3BD222D68AB00055619 /* MapViewController.swift in Sources */ = {isa = PBXBuildFile; fileRef = 3DD9C3BC222D68AB00055619 /* MapViewController.swift */; };
/* End PBXBuildFile section */

/* Begin PBXFileReference section */
		3D3C22F022282C62008FA989 /* FoodPin.app */ = {isa = PBXFileReference; explicitFileType = wrapper.application; includeInIndex = 0; path = FoodPin.app; sourceTree = BUILT_PRODUCTS_DIR; };
		3D3C22F322282C62008FA989 /* AppDelegate.swift */ = {isa = PBXFileReference; lastKnownFileType = sourcecode.swift; path = AppDelegate.swift; sourceTree = "<group>"; };
		3D3C22F822282C62008FA989 /* Base */ = {isa = PBXFileReference; lastKnownFileType = file.storyboard; name = Base; path = Base.lproj/Main.storyboard; sourceTree = "<group>"; };
		3D3C22FA22282C63008FA989 /* Assets.xcassets */ = {isa = PBXFileReference; lastKnownFileType = folder.assetcatalog; path = Assets.xcassets; sourceTree = "<group>"; };
		3D3C22FD22282C63008FA989 /* Base */ = {isa = PBXFileReference; lastKnownFileType = file.storyboard; name = Base; path = Base.lproj/LaunchScreen.storyboard; sourceTree = "<group>"; };
		3D3C22FF22282C63008FA989 /* Info.plist */ = {isa = PBXFileReference; lastKnownFileType = text.plist.xml; path = Info.plist; sourceTree = "<group>"; };
		3D3C230522282F35008FA989 /* RestaurantTableViewController.swift */ = {isa = PBXFileReference; lastKnownFileType = sourcecode.swift; path = RestaurantTableViewController.swift; sourceTree = "<group>"; };
		3D3C2307222943C2008FA989 /* RestaurantTableViewCell.swift */ = {isa = PBXFileReference; lastKnownFileType = sourcecode.swift; path = RestaurantTableViewCell.swift; sourceTree = "<group>"; };
		3D7C67FC222AA77E002C05C7 /* RestaurantDetailViewController.swift */ = {isa = PBXFileReference; lastKnownFileType = sourcecode.swift; path = RestaurantDetailViewController.swift; sourceTree = "<group>"; };
		3D7C67FE222AC13D002C05C7 /* Restaurant.swift */ = {isa = PBXFileReference; lastKnownFileType = sourcecode.swift; path = Restaurant.swift; sourceTree = "<group>"; };
		3D7C6800222AD3CC002C05C7 /* RestaurantDetailTableViewCell.swift */ = {isa = PBXFileReference; lastKnownFileType = sourcecode.swift; path = RestaurantDetailTableViewCell.swift; sourceTree = "<group>"; };
		3DD9C3B7222C091700055619 /* ReviewViewController.swift */ = {isa = PBXFileReference; lastKnownFileType = sourcecode.swift; path = ReviewViewController.swift; sourceTree = "<group>"; };
		3DD9C3BA222D587E00055619 /* MapKit.framework */ = {isa = PBXFileReference; lastKnownFileType = wrapper.framework; name = MapKit.framework; path = System/Library/Frameworks/MapKit.framework; sourceTree = SDKROOT; };
		3DD9C3BC222D68AB00055619 /* MapViewController.swift */ = {isa = PBXFileReference; lastKnownFileType = sourcecode.swift; path = MapViewController.swift; sourceTree = "<group>"; };
/* End PBXFileReference section */

/* Begin PBXFrameworksBuildPhase section */
		3D3C22ED22282C62008FA989 /* Frameworks */ = {
			isa = PBXFrameworksBuildPhase;
			buildActionMask = 2147483647;
			files = (
				3DD9C3BB222D587E00055619 /* MapKit.framework in Frameworks */,
			);
			runOnlyForDeploymentPostprocessing = 0;
		};
/* End PBXFrameworksBuildPhase section */

/* Begin PBXGroup section */
		3D3C22E722282C62008FA989 = {
			isa = PBXGroup;
			children = (
				3D3C22F222282C62008FA989 /* FoodPin */,
				3D3C22F122282C62008FA989 /* Products */,
				3DD9C3B9222D587E00055619 /* Frameworks */,
			);
			sourceTree = "<group>";
		};
		3D3C22F122282C62008FA989 /* Products */ = {
			isa = PBXGroup;
			children = (
				3D3C22F022282C62008FA989 /* FoodPin.app */,
			);
			name = Products;
			sourceTree = "<group>";
		};
		3D3C22F222282C62008FA989 /* FoodPin */ = {
			isa = PBXGroup;
			children = (
				3D3C22F322282C62008FA989 /* AppDelegate.swift */,
				3D3C22F722282C62008FA989 /* Main.storyboard */,
				3D3C22FA22282C63008FA989 /* Assets.xcassets */,
				3D3C22FC22282C63008FA989 /* LaunchScreen.storyboard */,
				3D3C22FF22282C63008FA989 /* Info.plist */,
				3D3C230522282F35008FA989 /* RestaurantTableViewController.swift */,
				3D3C2307222943C2008FA989 /* RestaurantTableViewCell.swift */,
				3D7C67FC222AA77E002C05C7 /* RestaurantDetailViewController.swift */,
				3D7C67FE222AC13D002C05C7 /* Restaurant.swift */,
				3D7C6800222AD3CC002C05C7 /* RestaurantDetailTableViewCell.swift */,
				3DD9C3B7222C091700055619 /* ReviewViewController.swift */,
				3DD9C3BC222D68AB00055619 /* MapViewController.swift */,
			);
			path = FoodPin;
			sourceTree = "<group>";
		};
		3DD9C3B9222D587E00055619 /* Frameworks */ = {
			isa = PBXGroup;
			children = (
				3DD9C3BA222D587E00055619 /* MapKit.framework */,
			);
			name = Frameworks;
			sourceTree = "<group>";
		};
/* End PBXGroup section */

/* Begin PBXNativeTarget section */
		3D3C22EF22282C62008FA989 /* FoodPin */ = {
			isa = PBXNativeTarget;
			buildConfigurationList = 3D3C230222282C63008FA989 /* Build configuration list for PBXNativeTarget "FoodPin" */;
			buildPhases = (
				3D3C22EC22282C62008FA989 /* Sources */,
				3D3C22ED22282C62008FA989 /* Frameworks */,
				3D3C22EE22282C62008FA989 /* Resources */,
			);
			buildRules = (
			);
			dependencies = (
			);
			name = FoodPin;
			productName = FoodPin;
			productReference = 3D3C22F022282C62008FA989 /* FoodPin.app */;
			productType = "com.apple.product-type.application";
		};
/* End PBXNativeTarget section */

/* Begin PBXProject section */
		3D3C22E822282C62008FA989 /* Project object */ = {
			isa = PBXProject;
			attributes = {
				LastSwiftUpdateCheck = 1010;
				LastUpgradeCheck = 1010;
				ORGANIZATIONNAME = "William Kpabitey Kwabla";
				TargetAttributes = {
					3D3C22EF22282C62008FA989 = {
						CreatedOnToolsVersion = 10.1;
						SystemCapabilities = {
							com.apple.Maps.iOS = {
								enabled = 1;
							};
						};
					};
				};
			};
			buildConfigurationList = 3D3C22EB22282C62008FA989 /* Build configuration list for PBXProject "FoodPin" */;
			compatibilityVersion = "Xcode 9.3";
			developmentRegion = en;
			hasScannedForEncodings = 0;
			knownRegions = (
				en,
				Base,
			);
			mainGroup = 3D3C22E722282C62008FA989;
			productRefGroup = 3D3C22F122282C62008FA989 /* Products */;
			projectDirPath = "";
			projectRoot = "";
			targets = (
				3D3C22EF22282C62008FA989 /* FoodPin */,
			);
		};
/* End PBXProject section */

/* Begin PBXResourcesBuildPhase section */
		3D3C22EE22282C62008FA989 /* Resources */ = {
			isa = PBXResourcesBuildPhase;
			buildActionMask = 2147483647;
			files = (
				3D3C22FE22282C63008FA989 /* LaunchScreen.storyboard in Resources */,
				3D3C22FB22282C63008FA989 /* Assets.xcassets in Resources */,
				3D3C22F922282C62008FA989 /* Main.storyboard in Resources */,
			);
			runOnlyForDeploymentPostprocessing = 0;
		};
/* End PBXResourcesBuildPhase section */

/* Begin PBXSourcesBuildPhase section */
		3D3C22EC22282C62008FA989 /* Sources */ = {
			isa = PBXSourcesBuildPhase;
			buildActionMask = 2147483647;
			files = (
				3D7C67FF222AC13D002C05C7 /* Restaurant.swift in Sources */,
				3D3C230622282F35008FA989 /* RestaurantTableViewController.swift in Sources */,
				3DD9C3B8222C091700055619 /* ReviewViewController.swift in Sources */,
				3D3C2308222943C2008FA989 /* RestaurantTableViewCell.swift in Sources */,
				3D7C6801222AD3CC002C05C7 /* RestaurantDetailTableViewCell.swift in Sources */,
				3D7C67FD222AA77E002C05C7 /* RestaurantDetailViewController.swift in Sources */,
				3D3C22F422282C62008FA989 /* AppDelegate.swift in Sources */,
				3DD9C3BD222D68AB00055619 /* MapViewController.swift in Sources */,
			);
			runOnlyForDeploymentPostprocessing = 0;
		};
/* End PBXSourcesBuildPhase section */

/* Begin PBXVariantGroup section */
		3D3C22F722282C62008FA989 /* Main.storyboard */ = {
			isa = PBXVariantGroup;
			children = (
				3D3C22F822282C62008FA989 /* Base */,
			);
			name = Main.storyboard;
			sourceTree = "<group>";
		};
		3D3C22FC22282C63008FA989 /* LaunchScreen.storyboard */ = {
			isa = PBXVariantGroup;
			children = (
				3D3C22FD22282C63008FA989 /* Base */,
			);
			name = LaunchScreen.storyboard;
			sourceTree = "<group>";
		};
/* End PBXVariantGroup section */

/* Begin XCBuildConfiguration section */
		3D3C230022282C63008FA989 /* Debug */ = {
			isa = XCBuildConfiguration;
			buildSettings = {
				ALWAYS_SEARCH_USER_PATHS = NO;
				CLANG_ANALYZER_NONNULL = YES;
				CLANG_ANALYZER_NUMBER_OBJECT_CONVERSION = YES_AGGRESSIVE;
				CLANG_CXX_LANGUAGE_STANDARD = "gnu++14";
				CLANG_CXX_LIBRARY = "libc++";
				CLANG_ENABLE_MODULES = YES;
				CLANG_ENABLE_OBJC_ARC = YES;
				CLANG_ENABLE_OBJC_WEAK = YES;
				CLANG_WARN_BLOCK_CAPTURE_AUTORELEASING = YES;
				CLANG_WARN_BOOL_CONVERSION = YES;
				CLANG_WARN_COMMA = YES;
				CLANG_WARN_CONSTANT_CONVERSION = YES;
				CLANG_WARN_DEPRECATED_OBJC_IMPLEMENTATIONS = YES;
				CLANG_WARN_DIRECT_OBJC_ISA_USAGE = YES_ERROR;
				CLANG_WARN_DOCUMENTATION_COMMENTS = YES;
				CLANG_WARN_EMPTY_BODY = YES;
				CLANG_WARN_ENUM_CONVERSION = YES;
				CLANG_WARN_INFINITE_RECURSION = YES;
				CLANG_WARN_INT_CONVERSION = YES;
				CLANG_WARN_NON_LITERAL_NULL_CONVERSION = YES;
				CLANG_WARN_OBJC_IMPLICIT_RETAIN_SELF = YES;
				CLANG_WARN_OBJC_LITERAL_CONVERSION = YES;
				CLANG_WARN_OBJC_ROOT_CLASS = YES_ERROR;
				CLANG_WARN_RANGE_LOOP_ANALYSIS = YES;
				CLANG_WARN_STRICT_PROTOTYPES = YES;
				CLANG_WARN_SUSPICIOUS_MOVE = YES;
				CLANG_WARN_UNGUARDED_AVAILABILITY = YES_AGGRESSIVE;
				CLANG_WARN_UNREACHABLE_CODE = YES;
				CLANG_WARN__DUPLICATE_METHOD_MATCH = YES;
				CODE_SIGN_IDENTITY = "iPhone Developer";
				COPY_PHASE_STRIP = NO;
				DEBUG_INFORMATION_FORMAT = dwarf;
				ENABLE_STRICT_OBJC_MSGSEND = YES;
				ENABLE_TESTABILITY = YES;
				GCC_C_LANGUAGE_STANDARD = gnu11;
				GCC_DYNAMIC_NO_PIC = NO;
				GCC_NO_COMMON_BLOCKS = YES;
				GCC_OPTIMIZATION_LEVEL = 0;
				GCC_PREPROCESSOR_DEFINITIONS = (
					"DEBUG=1",
					"$(inherited)",
				);
				GCC_WARN_64_TO_32_BIT_CONVERSION = YES;
				GCC_WARN_ABOUT_RETURN_TYPE = YES_ERROR;
				GCC_WARN_UNDECLARED_SELECTOR = YES;
				GCC_WARN_UNINITIALIZED_AUTOS = YES_AGGRESSIVE;
				GCC_WARN_UNUSED_FUNCTION = YES;
				GCC_WARN_UNUSED_VARIABLE = YES;
				IPHONEOS_DEPLOYMENT_TARGET = 12.1;
				MTL_ENABLE_DEBUG_INFO = INCLUDE_SOURCE;
				MTL_FAST_MATH = YES;
				ONLY_ACTIVE_ARCH = YES;
				SDKROOT = iphoneos;
				SWIFT_ACTIVE_COMPILATION_CONDITIONS = DEBUG;
				SWIFT_OPTIMIZATION_LEVEL = "-Onone";
			};
			name = Debug;
		};
		3D3C230122282C63008FA989 /* Release */ = {
			isa = XCBuildConfiguration;
			buildSettings = {
				ALWAYS_SEARCH_USER_PATHS = NO;
				CLANG_ANALYZER_NONNULL = YES;
				CLANG_ANALYZER_NUMBER_OBJECT_CONVERSION = YES_AGGRESSIVE;
				CLANG_CXX_LANGUAGE_STANDARD = "gnu++14";
				CLANG_CXX_LIBRARY = "libc++";
				CLANG_ENABLE_MODULES = YES;
				CLANG_ENABLE_OBJC_ARC = YES;
				CLANG_ENABLE_OBJC_WEAK = YES;
				CLANG_WARN_BLOCK_CAPTURE_AUTORELEASING = YES;
				CLANG_WARN_BOOL_CONVERSION = YES;
				CLANG_WARN_COMMA = YES;
				CLANG_WARN_CONSTANT_CONVERSION = YES;
				CLANG_WARN_DEPRECATED_OBJC_IMPLEMENTATIONS = YES;
				CLANG_WARN_DIRECT_OBJC_ISA_USAGE = YES_ERROR;
				CLANG_WARN_DOCUMENTATION_COMMENTS = YES;
				CLANG_WARN_EMPTY_BODY = YES;
				CLANG_WARN_ENUM_CONVERSION = YES;
				CLANG_WARN_INFINITE_RECURSION = YES;
				CLANG_WARN_INT_CONVERSION = YES;
				CLANG_WARN_NON_LITERAL_NULL_CONVERSION = YES;
				CLANG_WARN_OBJC_IMPLICIT_RETAIN_SELF = YES;
				CLANG_WARN_OBJC_LITERAL_CONVERSION = YES;
				CLANG_WARN_OBJC_ROOT_CLASS = YES_ERROR;
				CLANG_WARN_RANGE_LOOP_ANALYSIS = YES;
				CLANG_WARN_STRICT_PROTOTYPES = YES;
				CLANG_WARN_SUSPICIOUS_MOVE = YES;
				CLANG_WARN_UNGUARDED_AVAILABILITY = YES_AGGRESSIVE;
				CLANG_WARN_UNREACHABLE_CODE = YES;
				CLANG_WARN__DUPLICATE_METHOD_MATCH = YES;
				CODE_SIGN_IDENTITY = "iPhone Developer";
				COPY_PHASE_STRIP = NO;
				DEBUG_INFORMATION_FORMAT = "dwarf-with-dsym";
				ENABLE_NS_ASSERTIONS = NO;
				ENABLE_STRICT_OBJC_MSGSEND = YES;
				GCC_C_LANGUAGE_STANDARD = gnu11;
				GCC_NO_COMMON_BLOCKS = YES;
				GCC_WARN_64_TO_32_BIT_CONVERSION = YES;
				GCC_WARN_ABOUT_RETURN_TYPE = YES_ERROR;
				GCC_WARN_UNDECLARED_SELECTOR = YES;
				GCC_WARN_UNINITIALIZED_AUTOS = YES_AGGRESSIVE;
				GCC_WARN_UNUSED_FUNCTION = YES;
				GCC_WARN_UNUSED_VARIABLE = YES;
				IPHONEOS_DEPLOYMENT_TARGET = 12.1;
				MTL_ENABLE_DEBUG_INFO = NO;
				MTL_FAST_MATH = YES;
				SDKROOT = iphoneos;
				SWIFT_COMPILATION_MODE = wholemodule;
				SWIFT_OPTIMIZATION_LEVEL = "-O";
				VALIDATE_PRODUCT = YES;
			};
			name = Release;
		};
		3D3C230322282C63008FA989 /* Debug */ = {
			isa = XCBuildConfiguration;
			buildSettings = {
				ASSETCATALOG_COMPILER_APPICON_NAME = AppIcon;
				CODE_SIGN_STYLE = Automatic;
				DEVELOPMENT_TEAM = R845SJL5TF;
				INFOPLIST_FILE = FoodPin/Info.plist;
				LD_RUNPATH_SEARCH_PATHS = (
					"$(inherited)",
					"@executable_path/Frameworks",
				);
				PRODUCT_BUNDLE_IDENTIFIER = com.example.FoodPinApp;
				PRODUCT_NAME = "$(TARGET_NAME)";
				SWIFT_VERSION = 4.2;
				TARGETED_DEVICE_FAMILY = "1,2";
			};
			name = Debug;
		};
		3D3C230422282C63008FA989 /* Release */ = {
			isa = XCBuildConfiguration;
			buildSettings = {
				ASSETCATALOG_COMPILER_APPICON_NAME = AppIcon;
				CODE_SIGN_STYLE = Automatic;
				DEVELOPMENT_TEAM = R845SJL5TF;
				INFOPLIST_FILE = FoodPin/Info.plist;
				LD_RUNPATH_SEARCH_PATHS = (
					"$(inherited)",
					"@executable_path/Frameworks",
				);
				PRODUCT_BUNDLE_IDENTIFIER = com.example.FoodPinApp;
				PRODUCT_NAME = "$(TARGET_NAME)";
				SWIFT_VERSION = 4.2;
				TARGETED_DEVICE_FAMILY = "1,2";
			};
			name = Release;
		};
/* End XCBuildConfiguration section */

/* Begin XCConfigurationList section */
		3D3C22EB22282C62008FA989 /* Build configuration list for PBXProject "FoodPin" */ = {
			isa = XCConfigurationList;
			buildConfigurations = (
				3D3C230022282C63008FA989 /* Debug */,
				3D3C230122282C63008FA989 /* Release */,
			);
			defaultConfigurationIsVisible = 0;
			defaultConfigurationName = Release;
		};
		3D3C230222282C63008FA989 /* Build configuration list for PBXNativeTarget "FoodPin" */ = {
			isa = XCConfigurationList;
			buildConfigurations = (
				3D3C230322282C63008FA989 /* Debug */,
				3D3C230422282C63008FA989 /* Release */,
			);
			defaultConfigurationIsVisible = 0;
			defaultConfigurationName = Release;
		};
/* End XCConfigurationList section */
	};
	rootObject = 3D3C22E822282C62008FA989 /* Project object */;
}
